[[package]]
name = "kvm-bindings"
version = "0.1.1"
source = "registry+https://github.com/rust-lang/crates.io-index"

[[package]]
name = "kvm-ioctls"
version = "0.1.0"
dependencies = [
 "kvm-bindings 0.1.1 (registry+https://github.com/rust-lang/crates.io-index)",
 "libc 0.2.48 (registry+https://github.com/rust-lang/crates.io-index)",
]

[[package]]
name = "libc"
version = "0.2.48"
source = "registry+https://github.com/rust-lang/crates.io-index"

[metadata]
"checksum kvm-bindings 0.1.1 (registry+https://github.com/rust-lang/crates.io-index)" = "c223e8703d2eb76d990c5f58e29c85b0f6f50e24b823babde927948e7c71fc03"
"checksum libc 0.2.48 (registry+https://github.com/rust-lang/crates.io-index)" = "e962c7641008ac010fa60a7dfdc1712449f29c44ef2d4702394aea943ee75047"
